
Microsoft Visual Studio Solution File, Format Version 12.00
# Visual Studio Version 16
VisualStudioVersion = 16.0.30523.141
MinimumVisualStudioVersion = 10.0.40219.1
Project("{FAE04EC0-301F-11D3-BF4B-00C04F79EFBC}") = "BookApplication.UWP", "BookApplication\BookApplication.UWP\BookApplication.UWP.csproj", "{C70968D6-4A54-4D51-97ED-DC16E824C1A9}"
EndProject
Project("{FAE04EC0-301F-11D3-BF4B-00C04F79EFBC}") = "BookApplication.Android", "BookApplication\BookApplication.Android\BookApplication.Android.csproj", "{FB090579-D14D-4CDB-8D70-3BD207C3C0C0}"
EndProject
Project("{FAE04EC0-301F-11D3-BF4B-00C04F79EFBC}") = "BookApplication.iOS", "BookApplication\BookApplication.iOS\BookApplication.iOS.csproj", "{F03E2473-5A8F-4871-B55C-884A6D29F003}"
EndProject
Project("{FAE04EC0-301F-11D3-BF4B-00C04F79EFBC}") = "BookApplication", "BookApplication\BookApplication\BookApplication.csproj", "{7D9039E7-81F5-45B3-B296-FEADA1CBCC67}"
EndProject
Global
	GlobalSection(SolutionConfigurationPlatforms) = preSolution
		Debug|Any CPU = Debug|Any CPU
		Debug|ARM = Debug|ARM
		Debug|iPhone = Debug|iPhone
		Debug|iPhoneSimulator = Debug|iPhoneSimulator
		Debug|x64 = Debug|x64
		Debug|x86 = Debug|x86
		Release|Any CPU = Release|Any CPU
		Release|ARM = Release|ARM
		Release|iPhone = Release|iPhone
		Release|iPhoneSimulator = Release|iPhoneSimulator
		Release|x64 = Release|x64
		Release|x86 = Release|x86
	EndGlobalSection
	GlobalSection(ProjectConfigurationPlatforms) = postSolution
		{C70968D6-4A54-4D51-97ED-DC16E824C1A9}.Debug|Any CPU.ActiveCfg = Debug|x86
		{C70968D6-4A54-4D51-97ED-DC16E824C1A9}.Debug|Any CPU.Build.0 = Debug|x86
		{C70968D6-4A54-4D51-97ED-DC16E824C1A9}.Debug|Any CPU.Deploy.0 = Debug|x86
		{C70968D6-4A54-4D51-97ED-DC16E824C1A9}.Debug|ARM.ActiveCfg = Debug|ARM
		{C70968D6-4A54-4D51-97ED-DC16E824C1A9}.Debug|ARM.Build.0 = Debug|ARM
		{C70968D6-4A54-4D51-97ED-DC16E824C1A9}.Debug|ARM.Deploy.0 = Debug|ARM
		{C70968D6-4A54-4D51-97ED-DC16E824C1A9}.Debug|iPhone.ActiveCfg = Debug|x86
		{C70968D6-4A54-4D51-97ED-DC16E824C1A9}.Debug|iPhone.Build.0 = Debug|x86
		{C70968D6-4A54-4D51-97ED-DC16E824C1A9}.Debug|iPhone.Deploy.0 = Debug|x86
		{C70968D6-4A54-4D51-97ED-DC16E824C1A9}.Debug|iPhoneSimulator.ActiveCfg = Debug|x86
		{C70968D6-4A54-4D51-97ED-DC16E824C1A9}.Debug|iPhoneSimulator.Build.0 = Debug|x86
		{C70968D6-4A54-4D51-97ED-DC16E824C1A9}.Debug|iPhoneSimulator.Deploy.0 = Debug|x86
		{C70968D6-4A54-4D51-97ED-DC16E824C1A9}.Debug|x64.ActiveCfg = Debug|x64
		{C70968D6-4A54-4D51-97ED-DC16E824C1A9}.Debug|x64.Build.0 = Debug|x64
		{C70968D6-4A54-4D51-97ED-DC16E824C1A9}.Debug|x64.Deploy.0 = Debug|x64
		{C70968D6-4A54-4D51-97ED-DC16E824C1A9}.Debug|x86.ActiveCfg = Debug|x86
		{C70968D6-4A54-4D51-97ED-DC16E824C1A9}.Debug|x86.Build.0 = Debug|x86
		{C70968D6-4A54-4D51-97ED-DC16E824C1A9}.Debug|x86.Deploy.0 = Debug|x86
		{C70968D6-4A54-4D51-97ED-DC16E824C1A9}.Release|Any CPU.ActiveCfg = Release|x86
		{C70968D6-4A54-4D51-97ED-DC16E824C1A9}.Release|Any CPU.Build.0 = Release|x86
		{C70968D6-4A54-4D51-97ED-DC16E824C1A9}.Release|Any CPU.Deploy.0 = Release|x86
		{C70968D6-4A54-4D51-97ED-DC16E824C1A9}.Release|ARM.ActiveCfg = Release|ARM
		{C70968D6-4A54-4D51-97ED-DC16E824C1A9}.Release|ARM.Build.0 = Release|ARM
		{C70968D6-4A54-4D51-97ED-DC16E824C1A9}.Release|ARM.Deploy.0 = Release|ARM
		{C70968D6-4A54-4D51-97ED-DC16E824C1A9}.Release|iPhone.ActiveCfg = Release|x86
		{C70968D6-4A54-4D51-97ED-DC16E824C1A9}.Release|iPhone.Build.0 = Release|x86
		{C70968D6-4A54-4D51-97ED-DC16E824C1A9}.Release|iPhone.Deploy.0 = Release|x86
		{C70968D6-4A54-4D51-97ED-DC16E824C1A9}.Release|iPhoneSimulator.ActiveCfg = Release|x86
		{C70968D6-4A54-4D51-97ED-DC16E824C1A9}.Release|iPhoneSimulator.Build.0 = Release|x86
		{C70968D6-4A54-4D51-97ED-DC16E824C1A9}.Release|iPhoneSimulator.Deploy.0 = Release|x86
		{C70968D6-4A54-4D51-97ED-DC16E824C1A9}.Release|x64.ActiveCfg = Release|x64
		{C70968D6-4A54-4D51-97ED-DC16E824C1A9}.Release|x64.Build.0 = Release|x64
		{C70968D6-4A54-4D51-97ED-DC16E824C1A9}.Release|x64.Deploy.0 = Release|x64
		{C70968D6-4A54-4D51-97ED-DC16E824C1A9}.Release|x86.ActiveCfg = Release|x86
		{C70968D6-4A54-4D51-97ED-DC16E824C1A9}.Release|x86.Build.0 = Release|x86
		{C70968D6-4A54-4D51-97ED-DC16E824C1A9}.Release|x86.Deploy.0 = Release|x86
		{FB090579-D14D-4CDB-8D70-3BD207C3C0C0}.Debug|Any CPU.ActiveCfg = Debug|Any CPU
		{FB090579-D14D-4CDB-8D70-3BD207C3C0C0}.Debug|Any CPU.Build.0 = Debug|Any CPU
		{FB090579-D14D-4CDB-8D70-3BD207C3C0C0}.Debug|Any CPU.Deploy.0 = Debug|Any CPU
		{FB090579-D14D-4CDB-8D70-3BD207C3C0C0}.Debug|ARM.ActiveCfg = Debug|Any CPU
		{FB090579-D14D-4CDB-8D70-3BD207C3C0C0}.Debug|ARM.Build.0 = Debug|Any CPU
		{FB090579-D14D-4CDB-8D70-3BD207C3C0C0}.Debug|ARM.Deploy.0 = Debug|Any CPU
		{FB090579-D14D-4CDB-8D70-3BD207C3C0C0}.Debug|iPhone.ActiveCfg = Debug|Any CPU
		{FB090579-D14D-4CDB-8D70-3BD207C3C0C0}.Debug|iPhone.Build.0 = Debug|Any CPU
		{FB090579-D14D-4CDB-8D70-3BD207C3C0C0}.Debug|iPhone.Deploy.0 = Debug|Any CPU
		{FB090579-D14D-4CDB-8D70-3BD207C3C0C0}.Debug|iPhoneSimulator.ActiveCfg = Debug|Any CPU
		{FB090579-D14D-4CDB-8D70-3BD207C3C0C0}.Debug|iPhoneSimulator.Build.0 = Debug|Any CPU
		{FB090579-D14D-4CDB-8D70-3BD207C3C0C0}.Debug|iPhoneSimulator.Deploy.0 = Debug|Any CPU
		{FB090579-D14D-4CDB-8D70-3BD207C3C0C0}.Debug|x64.ActiveCfg = Debug|Any CPU
		{FB090579-D14D-4CDB-8D70-3BD207C3C0C0}.Debug|x64.Build.0 = Debug|Any CPU
		{FB090579-D14D-4CDB-8D70-3BD207C3C0C0}.Debug|x64.Deploy.0 = Debug|Any CPU
		{FB090579-D14D-4CDB-8D70-3BD207C3C0C0}.Debug|x86.ActiveCfg = Debug|Any CPU
		{FB090579-D14D-4CDB-8D70-3BD207C3C0C0}.Debug|x86.Build.0 = Debug|Any CPU
		{FB090579-D14D-4CDB-8D70-3BD207C3C0C0}.Debug|x86.Deploy.0 = Debug|Any CPU
		{FB090579-D14D-4CDB-8D70-3BD207C3C0C0}.Release|Any CPU.ActiveCfg = Release|Any CPU
		{FB090579-D14D-4CDB-8D70-3BD207C3C0C0}.Release|Any CPU.Build.0 = Release|Any CPU
		{FB090579-D14D-4CDB-8D70-3BD207C3C0C0}.Release|Any CPU.Deploy.0 = Release|Any CPU
		{FB090579-D14D-4CDB-8D70-3BD207C3C0C0}.Release|ARM.ActiveCfg = Release|Any CPU
		{FB090579-D14D-4CDB-8D70-3BD207C3C0C0}.Release|ARM.Build.0 = Release|Any CPU
		{FB090579-D14D-4CDB-8D70-3BD207C3C0C0}.Release|ARM.Deploy.0 = Release|Any CPU
		{FB090579-D14D-4CDB-8D70-3BD207C3C0C0}.Release|iPhone.ActiveCfg = Release|Any CPU
		{FB090579-D14D-4CDB-8D70-3BD207C3C0C0}.Release|iPhone.Build.0 = Release|Any CPU
		{FB090579-D14D-4CDB-8D70-3BD207C3C0C0}.Release|iPhone.Deploy.0 = Release|Any CPU
		{FB090579-D14D-4CDB-8D70-3BD207C3C0C0}.Release|iPhoneSimulator.ActiveCfg = Release|Any CPU
		{FB090579-D14D-4CDB-8D70-3BD207C3C0C0}.Release|iPhoneSimulator.Build.0 = Release|Any CPU
		{FB090579-D14D-4CDB-8D70-3BD207C3C0C0}.Release|iPhoneSimulator.Deploy.0 = Release|Any CPU
		{FB090579-D14D-4CDB-8D70-3BD207C3C0C0}.Release|x64.ActiveCfg = Release|Any CPU
		{FB090579-D14D-4CDB-8D70-3BD207C3C0C0}.Release|x64.Build.0 = Release|Any CPU
		{FB090579-D14D-4CDB-8D70-3BD207C3C0C0}.Release|x64.Deploy.0 = Release|Any CPU
		{FB090579-D14D-4CDB-8D70-3BD207C3C0C0}.Release|x86.ActiveCfg = Release|Any CPU
		{FB090579-D14D-4CDB-8D70-3BD207C3C0C0}.Release|x86.Build.0 = Release|Any CPU
		{FB090579-D14D-4CDB-8D70-3BD207C3C0C0}.Release|x86.Deploy.0 = Release|Any CPU
		{F03E2473-5A8F-4871-B55C-884A6D29F003}.Debug|Any CPU.ActiveCfg = Debug|iPhoneSimulator
		{F03E2473-5A8F-4871-B55C-884A6D29F003}.Debug|Any CPU.Build.0 = Debug|iPhoneSimulator
		{F03E2473-5A8F-4871-B55C-884A6D29F003}.Debug|Any CPU.Deploy.0 = Debug|iPhoneSimulator
		{F03E2473-5A8F-4871-B55C-884A6D29F003}.Debug|ARM.ActiveCfg = Debug|iPhone
		{F03E2473-5A8F-4871-B55C-884A6D29F003}.Debug|ARM.Build.0 = Debug|iPhone
		{F03E2473-5A8F-4871-B55C-884A6D29F003}.Debug|ARM.Deploy.0 = Debug|iPhone
		{F03E2473-5A8F-4871-B55C-884A6D29F003}.Debug|iPhone.ActiveCfg = Debug|iPhone
		{F03E2473-5A8F-4871-B55C-884A6D29F003}.Debug|iPhone.Build.0 = Debug|iPhone
		{F03E2473-5A8F-4871-B55C-884A6D29F003}.Debug|iPhone.Deploy.0 = Debug|iPhone
		{F03E2473-5A8F-4871-B55C-884A6D29F003}.Debug|iPhoneSimulator.ActiveCfg = Debug|iPhoneSimulator
		{F03E2473-5A8F-4871-B55C-884A6D29F003}.Debug|iPhoneSimulator.Build.0 = Debug|iPhoneSimulator
		{F03E2473-5A8F-4871-B55C-884A6D29F003}.Debug|iPhoneSimulator.Deploy.0 = Debug|iPhoneSimulator
		{F03E2473-5A8F-4871-B55C-884A6D29F003}.Debug|x64.ActiveCfg = Debug|iPhoneSimulator
		{F03E2473-5A8F-4871-B55C-884A6D29F003}.Debug|x64.Build.0 = Debug|iPhoneSimulator
		{F03E2473-5A8F-4871-B55C-884A6D29F003}.Debug|x64.Deploy.0 = Debug|iPhoneSimulator
		{F03E2473-5A8F-4871-B55C-884A6D29F003}.Debug|x86.ActiveCfg = Debug|iPhoneSimulator
		{F03E2473-5A8F-4871-B55C-884A6D29F003}.Debug|x86.Build.0 = Debug|iPhoneSimulator
		{F03E2473-5A8F-4871-B55C-884A6D29F003}.Debug|x86.Deploy.0 = Debug|iPhoneSimulator
		{F03E2473-5A8F-4871-B55C-884A6D29F003}.Release|Any CPU.ActiveCfg = Release|iPhoneSimulator
		{F03E2473-5A8F-4871-B55C-884A6D29F003}.Release|Any CPU.Build.0 = Release|iPhoneSimulator
		{F03E2473-5A8F-4871-B55C-884A6D29F003}.Release|Any CPU.Deploy.0 = Release|iPhoneSimulator
		{F03E2473-5A8F-4871-B55C-884A6D29F003}.Release|ARM.ActiveCfg = Release|iPhoneSimulator
		{F03E2473-5A8F-4871-B55C-884A6D29F003}.Release|ARM.Build.0 = Release|iPhoneSimulator
		{F03E2473-5A8F-4871-B55C-884A6D29F003}.Release|ARM.Deploy.0 = Release|iPhoneSimulator
		{F03E2473-5A8F-4871-B55C-884A6D29F003}.Release|iPhone.ActiveCfg = Release|iPhone
		{F03E2473-5A8F-4871-B55C-884A6D29F003}.Release|iPhone.Build.0 = Release|iPhone
		{F03E2473-5A8F-4871-B55C-884A6D29F003}.Release|iPhone.Deploy.0 = Release|iPhone
		{F03E2473-5A8F-4871-B55C-884A6D29F003}.Release|iPhoneSimulator.ActiveCfg = Release|iPhoneSimulator
		{F03E2473-5A8F-4871-B55C-884A6D29F003}.Release|iPhoneSimulator.Build.0 = Release|iPhoneSimulator
		{F03E2473-5A8F-4871-B55C-884A6D29F003}.Release|iPhoneSimulator.Deploy.0 = Release|iPhoneSimulator
		{F03E2473-5A8F-4871-B55C-884A6D29F003}.Release|x64.ActiveCfg = Release|iPhoneSimulator
		{F03E2473-5A8F-4871-B55C-884A6D29F003}.Release|x64.Build.0 = Release|iPhoneSimulator
		{F03E2473-5A8F-4871-B55C-884A6D29F003}.Release|x64.Deploy.0 = Release|iPhoneSimulator
		{F03E2473-5A8F-4871-B55C-884A6D29F003}.Release|x86.ActiveCfg = Release|iPhoneSimulator
		{F03E2473-5A8F-4871-B55C-884A6D29F003}.Release|x86.Build.0 = Release|iPhoneSimulator
		{F03E2473-5A8F-4871-B55C-884A6D29F003}.Release|x86.Deploy.0 = Release|iPhoneSimulator
		{7D9039E7-81F5-45B3-B296-FEADA1CBCC67}.Debug|Any CPU.ActiveCfg = Debug|Any CPU
		{7D9039E7-81F5-45B3-B296-FEADA1CBCC67}.Debug|Any CPU.Build.0 = Debug|Any CPU
		{7D9039E7-81F5-45B3-B296-FEADA1CBCC67}.Debug|Any CPU.Deploy.0 = Debug|Any CPU
		{7D9039E7-81F5-45B3-B296-FEADA1CBCC67}.Debug|ARM.ActiveCfg = Debug|Any CPU
		{7D9039E7-81F5-45B3-B296-FEADA1CBCC67}.Debug|ARM.Build.0 = Debug|Any CPU
		{7D9039E7-81F5-45B3-B296-FEADA1CBCC67}.Debug|ARM.Deploy.0 = Debug|Any CPU
		{7D9039E7-81F5-45B3-B296-FEADA1CBCC67}.Debug|iPhone.ActiveCfg = Debug|Any CPU
		{7D9039E7-81F5-45B3-B296-FEADA1CBCC67}.Debug|iPhone.Build.0 = Debug|Any CPU
		{7D9039E7-81F5-45B3-B296-FEADA1CBCC67}.Debug|iPhone.Deploy.0 = Debug|Any CPU
		{7D9039E7-81F5-45B3-B296-FEADA1CBCC67}.Debug|iPhoneSimulator.ActiveCfg = Debug|Any CPU
		{7D9039E7-81F5-45B3-B296-FEADA1CBCC67}.Debug|iPhoneSimulator.Build.0 = Debug|Any CPU
		{7D9039E7-81F5-45B3-B296-FEADA1CBCC67}.Debug|iPhoneSimulator.Deploy.0 = Debug|Any CPU
		{7D9039E7-81F5-45B3-B296-FEADA1CBCC67}.Debug|x64.ActiveCfg = Debug|Any CPU
		{7D9039E7-81F5-45B3-B296-FEADA1CBCC67}.Debug|x64.Build.0 = Debug|Any CPU
		{7D9039E7-81F5-45B3-B296-FEADA1CBCC67}.Debug|x64.Deploy.0 = Debug|Any CPU
		{7D9039E7-81F5-45B3-B296-FEADA1CBCC67}.Debug|x86.ActiveCfg = Debug|Any CPU
		{7D9039E7-81F5-45B3-B296-FEADA1CBCC67}.Debug|x86.Build.0 = Debug|Any CPU
		{7D9039E7-81F5-45B3-B296-FEADA1CBCC67}.Debug|x86.Deploy.0 = Debug|Any CPU
		{7D9039E7-81F5-45B3-B296-FEADA1CBCC67}.Release|Any CPU.ActiveCfg = Release|Any CPU
		{7D9039E7-81F5-45B3-B296-FEADA1CBCC67}.Release|Any CPU.Build.0 = Release|Any CPU
		{7D9039E7-81F5-45B3-B296-FEADA1CBCC67}.Release|Any CPU.Deploy.0 = Release|Any CPU
		{7D9039E7-81F5-45B3-B296-FEADA1CBCC67}.Release|ARM.ActiveCfg = Release|Any CPU
		{7D9039E7-81F5-45B3-B296-FEADA1CBCC67}.Release|ARM.Build.0 = Release|Any CPU
		{7D9039E7-81F5-45B3-B296-FEADA1CBCC67}.Release|ARM.Deploy.0 = Release|Any CPU
		{7D9039E7-81F5-45B3-B296-FEADA1CBCC67}.Release|iPhone.ActiveCfg = Release|Any CPU
		{7D9039E7-81F5-45B3-B296-FEADA1CBCC67}.Release|iPhone.Build.0 = Release|Any CPU
		{7D9039E7-81F5-45B3-B296-FEADA1CBCC67}.Release|iPhone.Deploy.0 = Release|Any CPU
		{7D9039E7-81F5-45B3-B296-FEADA1CBCC67}.Release|iPhoneSimulator.ActiveCfg = Release|Any CPU
		{7D9039E7-81F5-45B3-B296-FEADA1CBCC67}.Release|iPhoneSimulator.Build.0 = Release|Any CPU
		{7D9039E7-81F5-45B3-B296-FEADA1CBCC67}.Release|iPhoneSimulator.Deploy.0 = Release|Any CPU
		{7D9039E7-81F5-45B3-B296-FEADA1CBCC67}.Release|x64.ActiveCfg = Release|Any CPU
		{7D9039E7-81F5-45B3-B296-FEADA1CBCC67}.Release|x64.Build.0 = Release|Any CPU
		{7D9039E7-81F5-45B3-B296-FEADA1CBCC67}.Release|x64.Deploy.0 = Release|Any CPU
		{7D9039E7-81F5-45B3-B296-FEADA1CBCC67}.Release|x86.ActiveCfg = Release|Any CPU
		{7D9039E7-81F5-45B3-B296-FEADA1CBCC67}.Release|x86.Build.0 = Release|Any CPU
		{7D9039E7-81F5-45B3-B296-FEADA1CBCC67}.Release|x86.Deploy.0 = Release|Any CPU
	EndGlobalSection
	GlobalSection(SolutionProperties) = preSolution
		HideSolutionNode = FALSE
	EndGlobalSection
	GlobalSection(ExtensibilityGlobals) = postSolution
		SolutionGuid = {7384BB39-02FE-4005-8DCF-48BABF5C07AD}
	EndGlobalSection
EndGlobal
